github.com/GitbookIO/diskache v0.0.0-20161028144708-bfb81bf58cb1 h1:1ui53h0HCYjyrlza+yY+sQsulJdHdYL/xdVWIH3UsyE=
github.com/GitbookIO/diskache v0.0.0-20161028144708-bfb81bf58cb1/go.mod h1:TTHndD25/UJVOyBl/vOq2g5RIg4bidGlmtzb+4Zr+Nw=
github.com/GitbookIO/syncgroup v0.0.0-20200915204659-4f0b2961ab10 h1:G9KsBi5RxXROehPm+TSvTrFXShD613GLKrv9ctY1hFE=
github.com/GitbookIO/syncgroup v0.0.0-20200915204659-4f0b2961ab10/go.mod h1:QEGLOlzj5q/UbkPM0viAulgbdRUpsU3/6HVA9YUA9BU=
github.com/joho/godotenv v1.5.1 h1:7eLL/+HRGLY0ldzfGMeQkb7vMd0as4CfYvUVzLqw0N0=
github.com/joho/godotenv v1.5.1/go.mod h1:f4LDr5Voq0i2e/R5DDNOoa2zzDfwtkZa6DnEwAbqwq4=
